
Microsoft Visual Studio Solution File, Format Version 12.00
# Visual Studio Version 17
VisualStudioVersion = 17.11.35312.102
MinimumVisualStudioVersion = 10.0.40219.1
Project("{FAE04EC0-301F-11D3-BF4B-00C04F79EFBC}") = "pr-14.Android", "pr-14.Android\pr-14.Android.csproj", "{D092DB46-9E8E-4339-B7E4-ECB283ACDB46}"
EndProject
Project("{FAE04EC0-301F-11D3-BF4B-00C04F79EFBC}") = "pr-14", "pr-14\pr-14.csproj", "{8186B4C7-FAB2-43A7-A8B1-2630EBD5F281}"
EndProject
Global
	GlobalSection(SolutionConfigurationPlatforms) = preSolution
		Debug|Any CPU = Debug|Any CPU
		Release|Any CPU = Release|Any CPU
	EndGlobalSection
	GlobalSection(ProjectConfigurationPlatforms) = postSolution
		{D092DB46-9E8E-4339-B7E4-ECB283ACDB46}.Debug|Any CPU.ActiveCfg = Debug|Any CPU
		{D092DB46-9E8E-4339-B7E4-ECB283ACDB46}.Debug|Any CPU.Build.0 = Debug|Any CPU
		{D092DB46-9E8E-4339-B7E4-ECB283ACDB46}.Debug|Any CPU.Deploy.0 = Debug|Any CPU
		{D092DB46-9E8E-4339-B7E4-ECB283ACDB46}.Release|Any CPU.ActiveCfg = Release|Any CPU
		{D092DB46-9E8E-4339-B7E4-ECB283ACDB46}.Release|Any CPU.Build.0 = Release|Any CPU
		{D092DB46-9E8E-4339-B7E4-ECB283ACDB46}.Release|Any CPU.Deploy.0 = Release|Any CPU
		{8186B4C7-FAB2-43A7-A8B1-2630EBD5F281}.Debug|Any CPU.ActiveCfg = Debug|Any CPU
		{8186B4C7-FAB2-43A7-A8B1-2630EBD5F281}.Debug|Any CPU.Build.0 = Debug|Any CPU
		{8186B4C7-FAB2-43A7-A8B1-2630EBD5F281}.Debug|Any CPU.Deploy.0 = Debug|Any CPU
		{8186B4C7-FAB2-43A7-A8B1-2630EBD5F281}.Release|Any CPU.ActiveCfg = Release|Any CPU
		{8186B4C7-FAB2-43A7-A8B1-2630EBD5F281}.Release|Any CPU.Build.0 = Release|Any CPU
		{8186B4C7-FAB2-43A7-A8B1-2630EBD5F281}.Release|Any CPU.Deploy.0 = Release|Any CPU
	EndGlobalSection
	GlobalSection(SolutionProperties) = preSolution
		HideSolutionNode = FALSE
	EndGlobalSection
	GlobalSection(ExtensibilityGlobals) = postSolution
		SolutionGuid = {F6A732A5-2FC8-461C-94DB-F622166A9A9F}
	EndGlobalSection
EndGlobal
