
Microsoft Visual Studio Solution File, Format Version 12.00
# Visual Studio Version 17
VisualStudioVersion = 17.11.35312.102
MinimumVisualStudioVersion = 10.0.40219.1
Project("{FAE04EC0-301F-11D3-BF4B-00C04F79EFBC}") = "pr-13.Android", "pr-13.Android\pr-13.Android.csproj", "{19EC25B0-A2DE-4A85-8A33-E66B621C2ECD}"
EndProject
Project("{FAE04EC0-301F-11D3-BF4B-00C04F79EFBC}") = "pr-13", "pr-13\pr-13.csproj", "{42859067-6D28-46DC-BEBB-A86DC655F12F}"
EndProject
Global
	GlobalSection(SolutionConfigurationPlatforms) = preSolution
		Debug|Any CPU = Debug|Any CPU
		Release|Any CPU = Release|Any CPU
	EndGlobalSection
	GlobalSection(ProjectConfigurationPlatforms) = postSolution
		{19EC25B0-A2DE-4A85-8A33-E66B621C2ECD}.Debug|Any CPU.ActiveCfg = Debug|Any CPU
		{19EC25B0-A2DE-4A85-8A33-E66B621C2ECD}.Debug|Any CPU.Build.0 = Debug|Any CPU
		{19EC25B0-A2DE-4A85-8A33-E66B621C2ECD}.Debug|Any CPU.Deploy.0 = Debug|Any CPU
		{19EC25B0-A2DE-4A85-8A33-E66B621C2ECD}.Release|Any CPU.ActiveCfg = Release|Any CPU
		{19EC25B0-A2DE-4A85-8A33-E66B621C2ECD}.Release|Any CPU.Build.0 = Release|Any CPU
		{19EC25B0-A2DE-4A85-8A33-E66B621C2ECD}.Release|Any CPU.Deploy.0 = Release|Any CPU
		{42859067-6D28-46DC-BEBB-A86DC655F12F}.Debug|Any CPU.ActiveCfg = Debug|Any CPU
		{42859067-6D28-46DC-BEBB-A86DC655F12F}.Debug|Any CPU.Build.0 = Debug|Any CPU
		{42859067-6D28-46DC-BEBB-A86DC655F12F}.Debug|Any CPU.Deploy.0 = Debug|Any CPU
		{42859067-6D28-46DC-BEBB-A86DC655F12F}.Release|Any CPU.ActiveCfg = Release|Any CPU
		{42859067-6D28-46DC-BEBB-A86DC655F12F}.Release|Any CPU.Build.0 = Release|Any CPU
		{42859067-6D28-46DC-BEBB-A86DC655F12F}.Release|Any CPU.Deploy.0 = Release|Any CPU
	EndGlobalSection
	GlobalSection(SolutionProperties) = preSolution
		HideSolutionNode = FALSE
	EndGlobalSection
	GlobalSection(ExtensibilityGlobals) = postSolution
		SolutionGuid = {EE99EA65-0B76-4442-A5E1-92D50598C4A8}
	EndGlobalSection
EndGlobal
