
Microsoft Visual Studio Solution File, Format Version 12.00
Project("{FAE04EC0-301F-11D3-BF4B-00C04F79EFBC}") = "pr-7", "pr-7\pr-7.csproj", "{36B76C33-71F8-4413-8275-FB9AD819CF2E}"
EndProject
Global
	GlobalSection(SolutionConfigurationPlatforms) = preSolution
		Debug|Any CPU = Debug|Any CPU
		Release|Any CPU = Release|Any CPU
	EndGlobalSection
	GlobalSection(ProjectConfigurationPlatforms) = postSolution
		{36B76C33-71F8-4413-8275-FB9AD819CF2E}.Debug|Any CPU.ActiveCfg = Debug|Any CPU
		{36B76C33-71F8-4413-8275-FB9AD819CF2E}.Debug|Any CPU.Build.0 = Debug|Any CPU
		{36B76C33-71F8-4413-8275-FB9AD819CF2E}.Release|Any CPU.ActiveCfg = Release|Any CPU
		{36B76C33-71F8-4413-8275-FB9AD819CF2E}.Release|Any CPU.Build.0 = Release|Any CPU
	EndGlobalSection
EndGlobal
