
Microsoft Visual Studio Solution File, Format Version 12.00
# Visual Studio Version 17
VisualStudioVersion = 17.14.36414.22 d17.14
MinimumVisualStudioVersion = 10.0.40219.1
Project("{FAE04EC0-301F-11D3-BF4B-00C04F79EFBC}") = "pr-11", "pr-11.csproj", "{525C0B06-5571-49F2-8F61-20C73AF6FE2C}"
EndProject
Global
	GlobalSection(SolutionConfigurationPlatforms) = preSolution
		Debug|Any CPU = Debug|Any CPU
		Release|Any CPU = Release|Any CPU
	EndGlobalSection
	GlobalSection(ProjectConfigurationPlatforms) = postSolution
		{525C0B06-5571-49F2-8F61-20C73AF6FE2C}.Debug|Any CPU.ActiveCfg = Debug|Any CPU
		{525C0B06-5571-49F2-8F61-20C73AF6FE2C}.Debug|Any CPU.Build.0 = Debug|Any CPU
		{525C0B06-5571-49F2-8F61-20C73AF6FE2C}.Release|Any CPU.ActiveCfg = Release|Any CPU
		{525C0B06-5571-49F2-8F61-20C73AF6FE2C}.Release|Any CPU.Build.0 = Release|Any CPU
	EndGlobalSection
	GlobalSection(SolutionProperties) = preSolution
		HideSolutionNode = FALSE
	EndGlobalSection
	GlobalSection(ExtensibilityGlobals) = postSolution
		SolutionGuid = {8348F22F-663A-4D2E-AB42-405FEFFFF19A}
	EndGlobalSection
EndGlobal
